
Microsoft Visual Studio Solution File, Format Version 12.00
# Visual Studio Version 16
VisualStudioVersion = 16.0.30804.86
MinimumVisualStudioVersion = 10.0.40219.1
Project("{FAE04EC0-301F-11D3-BF4B-00C04F79EFBC}") = "Siagus.Web", "Siagus\Siagus.Web\Siagus.Web.csproj", "{DFEE8A2B-8558-4F50-9D60-64D243F42790}"
EndProject
Global
	GlobalSection(SolutionConfigurationPlatforms) = preSolution
		Debug|Any CPU = Debug|Any CPU
		Release|Any CPU = Release|Any CPU
	EndGlobalSection
	GlobalSection(ProjectConfigurationPlatforms) = postSolution
		{DFEE8A2B-8558-4F50-9D60-64D243F42790}.Debug|Any CPU.ActiveCfg = Debug|Any CPU
		{DFEE8A2B-8558-4F50-9D60-64D243F42790}.Debug|Any CPU.Build.0 = Debug|Any CPU
		{DFEE8A2B-8558-4F50-9D60-64D243F42790}.Release|Any CPU.ActiveCfg = Release|Any CPU
		{DFEE8A2B-8558-4F50-9D60-64D243F42790}.Release|Any CPU.Build.0 = Release|Any CPU
	EndGlobalSection
	GlobalSection(SolutionProperties) = preSolution
		HideSolutionNode = FALSE
	EndGlobalSection
	GlobalSection(ExtensibilityGlobals) = postSolution
		SolutionGuid = {A3EE62E4-357A-46FB-93D5-53D2B6D09950}
	EndGlobalSection
EndGlobal
